<?xml version="1.0" encoding="utf-8"?>
<Project ToolsVersion="4.0" xmlns="http://schemas.microsoft.com/developer/msbuild/2003">
  <ItemGroup>
    <Filter Include="ソース ファイル">
      <UniqueIdentifier>{4FC737F1-C7A5-4376-A066-2A32D752A2FF}</UniqueIdentifier>
      <Extensions>cpp;c;cc;cxx;def;odl;idl;hpj;bat;asm;asmx</Extensions>
    </Filter>
    <Filter Include="ヘッダー ファイル">
      <UniqueIdentifier>{93995380-89BD-4b04-88EB-625FBE52EBFB}</UniqueIdentifier>
      <Extensions>h;hh;hpp;hxx;hm;inl;inc;xsd</Extensions>
    </Filter>
    <Filter Include="リソース ファイル">
      <UniqueIdentifier>{67DA6AB6-F800-4c08-8B7A-83BB121AAD01}</UniqueIdentifier>
      <Extensions>rc;ico;cur;bmp;dlg;rc2;rct;bin;rgs;gif;jpg;jpeg;jpe;resx;tiff;tif;png;wav;mfcribbon-ms</Extensions>
    </Filter>
    <Filter Include="System">
      <UniqueIdentifier>{9c63aa26-68d4-4827-951c-4bdf37187aa6}</UniqueIdentifier>
    </Filter>
    <Filter Include="Util">
      <UniqueIdentifier>{5832248c-942d-4c49-89b7-d4acae757596}</UniqueIdentifier>
    </Filter>
    <Filter Include="Device">
      <UniqueIdentifier>{cce24683-3ec2-4a6e-b236-860253614772}</UniqueIdentifier>
    </Filter>
    <Filter Include="Resource">
      <UniqueIdentifier>{4ff62c94-d614-4ec7-a7f8-6741e3642648}</UniqueIdentifier>
    </Filter>
    <Filter Include="Shader">
      <UniqueIdentifier>{cda45a92-4c1b-4bbd-8328-a80e38405ed2}</UniqueIdentifier>
    </Filter>
    <Filter Include="State">
      <UniqueIdentifier>{1c3a581d-9c37-453b-b346-2583c50e4aa1}</UniqueIdentifier>
    </Filter>
  </ItemGroup>
  <ItemGroup>
    <Text Include="ReadMe.txt" />
    <Text Include="memo.txt" />
  </ItemGroup>
  <ItemGroup>
    <ClInclude Include="stdafx.h">
      <Filter>ヘッダー ファイル</Filter>
    </ClInclude>
    <ClInclude Include="targetver.h">
      <Filter>ヘッダー ファイル</Filter>
    </ClInclude>
    <ClInclude Include="..\Source\GfxLib.h">
      <Filter>ヘッダー ファイル</Filter>
    </ClInclude>
    <ClInclude Include="..\Source\System\GfxCoreSystem.h">
      <Filter>System</Filter>
    </ClInclude>
    <ClInclude Include="..\Source\Util\GfxD3DPtr.h">
      <Filter>Util</Filter>
    </ClInclude>
    <ClInclude Include="..\Source\GfxLibStdAfx.h">
      <Filter>ヘッダー ファイル</Filter>
    </ClInclude>
    <ClInclude Include="..\Source\Device\GfxCommandList.h">
      <Filter>Device</Filter>
    </ClInclude>
    <ClInclude Include="..\Source\Device\GfxSwapChain.h">
      <Filter>Device</Filter>
    </ClInclude>
    <ClInclude Include="..\Source\Resource\GfxDescriptorHeap.h">
      <Filter>Resource</Filter>
    </ClInclude>
    <ClInclude Include="..\Source\System\GfxFence.h">
      <Filter>System</Filter>
    </ClInclude>
    <ClInclude Include="..\Source\Device\GfxCommandQueue.h">
      <Filter>Device</Filter>
    </ClInclude>
    <ClInclude Include="..\Source\System\GfxDefines.h">
      <Filter>System</Filter>
    </ClInclude>
    <ClInclude Include="..\Source\Resource\GfxResource.h">
      <Filter>Resource</Filter>
    </ClInclude>
    <ClInclude Include="..\Source\System\GfxDelayDelete.h">
      <Filter>System</Filter>
    </ClInclude>
    <ClInclude Include="..\Source\Resource\GfxConstantBuffer.h">
      <Filter>Resource</Filter>
    </ClInclude>
    <ClInclude Include="..\Source\Resource\GfxRootSignature.h">
      <Filter>Resource</Filter>
    </ClInclude>
    <ClInclude Include="..\Source\Resource\GfxRootSignatureDesc.h">
      <Filter>Resource</Filter>
    </ClInclude>
    <ClInclude Include="..\Source\Shader\GfxShader.h">
      <Filter>Shader</Filter>
    </ClInclude>
    <ClInclude Include="..\Source\Resource\GfxVertexBuffer.h">
      <Filter>Resource</Filter>
    </ClInclude>
    <ClInclude Include="..\Source\Util\GfxMath.h">
      <Filter>Util</Filter>
    </ClInclude>
    <ClInclude Include="..\Source\State\GfxPipelineState.h">
      <Filter>State</Filter>
    </ClInclude>
    <ClInclude Include="..\Source\Resource\GfxRenderTarget.h">
      <Filter>Resource</Filter>
    </ClInclude>
    <ClInclude Include="..\Source\Resource\GfxDepthStencil.h">
      <Filter>Resource</Filter>
    </ClInclude>
    <ClInclude Include="..\Source\Util\GfxFormatUtil.h">
      <Filter>Util</Filter>
    </ClInclude>
    <ClInclude Include="..\Source\System\GfxDescriptorAllocator.h">
      <Filter>System</Filter>
    </ClInclude>
    <ClInclude Include="..\Source\Util\GfxAutoDescriptorHandle.h">
      <Filter>Util</Filter>
    </ClInclude>
    <ClInclude Include="..\Source\Resource\GfxTexture2D.h">
      <Filter>Resource</Filter>
    </ClInclude>
    <ClInclude Include="..\Source\System\GfxAdhocDescriptorHeap.h">
      <Filter>System</Filter>
    </ClInclude>
    <ClInclude Include="..\Source\System\GfxAdhocGpuBuffer.h">
      <Filter>System</Filter>
    </ClInclude>
    <ClInclude Include="..\Source\Resource\GfxBuffer.h">
      <Filter>Resource</Filter>
    </ClInclude>
    <ClInclude Include="..\Source\Resource\GfxDescriptorBuffer.h">
      <Filter>Resource</Filter>
    </ClInclude>
    <ClInclude Include="..\Source\Device\GfxCommandAllocatorPool.h">
      <Filter>Device</Filter>
    </ClInclude>
  </ItemGroup>
  <ItemGroup>
    <ClCompile Include="stdafx.cpp">
      <Filter>ソース ファイル</Filter>
    </ClCompile>
    <ClCompile Include="..\Source\GfxLib.cpp">
      <Filter>ソース ファイル</Filter>
    </ClCompile>
    <ClCompile Include="..\Source\System\GfxCoreSystem.cpp">
      <Filter>System</Filter>
    </ClCompile>
    <ClCompile Include="..\Source\Device\GfxCommandList.cpp">
      <Filter>Device</Filter>
    </ClCompile>
    <ClCompile Include="..\Source\Device\GfxSwapChain.cpp">
      <Filter>Device</Filter>
    </ClCompile>
    <ClCompile Include="..\Source\Resource\GfxDescriptorHeap.cpp">
      <Filter>Resource</Filter>
    </ClCompile>
    <ClCompile Include="..\Source\System\GfxFence.cpp">
      <Filter>System</Filter>
    </ClCompile>
    <ClCompile Include="..\Source\Device\GfxCommandQueue.cpp">
      <Filter>Device</Filter>
    </ClCompile>
    <ClCompile Include="..\Source\Resource\GfxResource.cpp">
      <Filter>Resource</Filter>
    </ClCompile>
    <ClCompile Include="..\Source\System\GfxDelayDelete.cpp">
      <Filter>System</Filter>
    </ClCompile>
    <ClCompile Include="..\Source\Resource\GfxConstantBuffer.cpp">
      <Filter>Resource</Filter>
    </ClCompile>
    <ClCompile Include="..\Source\Resource\GfxRootSignature.cpp">
      <Filter>Resource</Filter>
    </ClCompile>
    <ClCompile Include="..\Source\Resource\GfxRootSignatureDesc.cpp">
      <Filter>Resource</Filter>
    </ClCompile>
    <ClCompile Include="..\Source\Shader\GfxShader.cpp">
      <Filter>Shader</Filter>
    </ClCompile>
    <ClCompile Include="..\Source\Resource\GfxVertexBuffer.cpp">
      <Filter>Resource</Filter>
    </ClCompile>
    <ClCompile Include="..\Source\Util\GfxMath.cpp">
      <Filter>Util</Filter>
    </ClCompile>
    <ClCompile Include="..\Source\State\GfxPipelineState.cpp">
      <Filter>State</Filter>
    </ClCompile>
    <ClCompile Include="..\Source\Resource\GfxRenderTarget.cpp">
      <Filter>Resource</Filter>
    </ClCompile>
    <ClCompile Include="..\Source\Resource\GfxDepthStencil.cpp">
      <Filter>Resource</Filter>
    </ClCompile>
    <ClCompile Include="..\Source\System\GfxDescriptorAllocator.cpp">
      <Filter>System</Filter>
    </ClCompile>
    <ClCompile Include="..\Source\Util\GfxAutoDescriptorHandle.cpp">
      <Filter>Util</Filter>
    </ClCompile>
    <ClCompile Include="..\Source\Resource\GfxTexture2D.cpp">
      <Filter>Resource</Filter>
    </ClCompile>
    <ClCompile Include="..\Source\System\GfxAdhocDescriptorHeap.cpp">
      <Filter>System</Filter>
    </ClCompile>
    <ClCompile Include="..\Source\System\GfxAdhocGpuBuffer.cpp">
      <Filter>System</Filter>
    </ClCompile>
    <ClCompile Include="..\Source\Resource\GfxBuffer.cpp">
      <Filter>Resource</Filter>
    </ClCompile>
    <ClCompile Include="..\Source\Resource\GfxDescriptorBuffer.cpp">
      <Filter>Resource</Filter>
    </ClCompile>
    <ClCompile Include="..\Source\Device\GfxCommandAllocatorPool.cpp">
      <Filter>Device</Filter>
    </ClCompile>
  </ItemGroup>
  <ItemGroup>
    <None Include="..\Source\Util\GfxD3DPtr.inl">
      <Filter>Util</Filter>
    </None>
    <None Include="..\Source\Util\GfxMath.inl">
      <Filter>Util</Filter>
    </None>
    <None Include="..\Source\Util\GfxFormatUtil.inl">
      <Filter>Util</Filter>
    </None>
    <None Include="..\Source\Resource\GfxDescriptorBuffer.inl">
      <Filter>Resource</Filter>
    </None>
  </ItemGroup>
</Project>