<?xml version="1.0" encoding="utf-8"?>
<Project ToolsVersion="4.0" xmlns="http://schemas.microsoft.com/developer/msbuild/2003">
  <ItemGroup>
    <Filter Include="ソース ファイル">
      <UniqueIdentifier>{4FC737F1-C7A5-4376-A066-2A32D752A2FF}</UniqueIdentifier>
      <Extensions>cpp;c;cc;cxx;def;odl;idl;hpj;bat;asm;asmx</Extensions>
    </Filter>
    <Filter Include="ヘッダー ファイル">
      <UniqueIdentifier>{93995380-89BD-4b04-88EB-625FBE52EBFB}</UniqueIdentifier>
      <Extensions>h;hh;hpp;hxx;hm;inl;inc;xsd</Extensions>
    </Filter>
    <Filter Include="リソース ファイル">
      <UniqueIdentifier>{67DA6AB6-F800-4c08-8B7A-83BB121AAD01}</UniqueIdentifier>
      <Extensions>rc;ico;cur;bmp;dlg;rc2;rct;bin;rgs;gif;jpg;jpeg;jpe;resx;tiff;tif;png;wav;mfcribbon-ms</Extensions>
    </Filter>
    <Filter Include="System">
      <UniqueIdentifier>{9c63aa26-68d4-4827-951c-4bdf37187aa6}</UniqueIdentifier>
    </Filter>
    <Filter Include="Util">
      <UniqueIdentifier>{5832248c-942d-4c49-89b7-d4acae757596}</UniqueIdentifier>
    </Filter>
    <Filter Include="Device">
      <UniqueIdentifier>{cce24683-3ec2-4a6e-b236-860253614772}</UniqueIdentifier>
    </Filter>
    <Filter Include="Resource">
      <UniqueIdentifier>{4ff62c94-d614-4ec7-a7f8-6741e3642648}</UniqueIdentifier>
    </Filter>
  </ItemGroup>
  <ItemGroup>
    <Text Include="ReadMe.txt" />
  </ItemGroup>
  <ItemGroup>
    <ClInclude Include="stdafx.h">
      <Filter>ヘッダー ファイル</Filter>
    </ClInclude>
    <ClInclude Include="targetver.h">
      <Filter>ヘッダー ファイル</Filter>
    </ClInclude>
    <ClInclude Include="..\Source\GfxLib.h">
      <Filter>ヘッダー ファイル</Filter>
    </ClInclude>
    <ClInclude Include="..\Source\System\GfxCoreSystem.h">
      <Filter>System</Filter>
    </ClInclude>
    <ClInclude Include="..\Source\Util\GfxD3DPtr.h">
      <Filter>Util</Filter>
    </ClInclude>
    <ClInclude Include="..\Source\GfxLibStdAfx.h">
      <Filter>ヘッダー ファイル</Filter>
    </ClInclude>
    <ClInclude Include="..\Source\Device\GfxCommandList.h">
      <Filter>Device</Filter>
    </ClInclude>
    <ClInclude Include="..\Source\Device\GfxSwapChain.h">
      <Filter>Device</Filter>
    </ClInclude>
    <ClInclude Include="..\Source\Resource\GfxDescriptorHeap.h">
      <Filter>Resource</Filter>
    </ClInclude>
    <ClInclude Include="..\Source\System\GfxFence.h">
      <Filter>System</Filter>
    </ClInclude>
  </ItemGroup>
  <ItemGroup>
    <ClCompile Include="stdafx.cpp">
      <Filter>ソース ファイル</Filter>
    </ClCompile>
    <ClCompile Include="..\Source\GfxLib.cpp">
      <Filter>ソース ファイル</Filter>
    </ClCompile>
    <ClCompile Include="..\Source\System\GfxCoreSystem.cpp">
      <Filter>System</Filter>
    </ClCompile>
    <ClCompile Include="..\Source\Device\GfxCommandList.cpp">
      <Filter>Device</Filter>
    </ClCompile>
    <ClCompile Include="..\Source\Device\GfxSwapChain.cpp">
      <Filter>Device</Filter>
    </ClCompile>
    <ClCompile Include="..\Source\Resource\GfxDescriptorHeap.cpp">
      <Filter>Resource</Filter>
    </ClCompile>
    <ClCompile Include="..\Source\System\GfxFence.cpp">
      <Filter>System</Filter>
    </ClCompile>
  </ItemGroup>
  <ItemGroup>
    <None Include="..\Source\Util\GfxD3DPtr.inl">
      <Filter>Util</Filter>
    </None>
  </ItemGroup>
</Project>